
Microsoft Visual Studio Solution File, Format Version 12.00
# Visual Studio 15
VisualStudioVersion = 15.0.26730.16
MinimumVisualStudioVersion = 10.0.40219.1
Project("{2150E333-8FDC-42A3-9474-1A3956D46DE8}") = "Tests", "Tests", "{EB00A768-CFF1-45EE-8D16-F0519154BD2F}"
EndProject
Project("{9A19103F-16F7-4668-BE54-9A1E7A4F7556}") = "Eml.Mediator.Tests.Unit", "Tests\Eml.Mediator.Tests.Unit\Eml.Mediator.Tests.Unit.csproj", "{729B0D12-4A69-443A-AE6A-8618B41C8088}"
EndProject
Project("{9A19103F-16F7-4668-BE54-9A1E7A4F7556}") = "Eml.Mediator.Tests.Integration", "Tests\Eml.Mediator.Tests.Integration\Eml.Mediator.Tests.Integration.csproj", "{56482E72-8500-4A77-AE2C-73140C59C88C}"
EndProject
Global
	GlobalSection(SolutionConfigurationPlatforms) = preSolution
		Debug|Any CPU = Debug|Any CPU
		Release|Any CPU = Release|Any CPU
	EndGlobalSection
	GlobalSection(ProjectConfigurationPlatforms) = postSolution
		{729B0D12-4A69-443A-AE6A-8618B41C8088}.Debug|Any CPU.ActiveCfg = Debug|Any CPU
		{729B0D12-4A69-443A-AE6A-8618B41C8088}.Debug|Any CPU.Build.0 = Debug|Any CPU
		{729B0D12-4A69-443A-AE6A-8618B41C8088}.Release|Any CPU.ActiveCfg = Release|Any CPU
		{729B0D12-4A69-443A-AE6A-8618B41C8088}.Release|Any CPU.Build.0 = Release|Any CPU
		{56482E72-8500-4A77-AE2C-73140C59C88C}.Debug|Any CPU.ActiveCfg = Debug|Any CPU
		{56482E72-8500-4A77-AE2C-73140C59C88C}.Debug|Any CPU.Build.0 = Debug|Any CPU
		{56482E72-8500-4A77-AE2C-73140C59C88C}.Release|Any CPU.ActiveCfg = Release|Any CPU
		{56482E72-8500-4A77-AE2C-73140C59C88C}.Release|Any CPU.Build.0 = Release|Any CPU
	EndGlobalSection
	GlobalSection(SolutionProperties) = preSolution
		HideSolutionNode = FALSE
	EndGlobalSection
	GlobalSection(NestedProjects) = preSolution
		{729B0D12-4A69-443A-AE6A-8618B41C8088} = {EB00A768-CFF1-45EE-8D16-F0519154BD2F}
		{56482E72-8500-4A77-AE2C-73140C59C88C} = {EB00A768-CFF1-45EE-8D16-F0519154BD2F}
	EndGlobalSection
	GlobalSection(ExtensibilityGlobals) = postSolution
		SolutionGuid = {0D914789-96F4-4E06-A643-7A978CD3651E}
	EndGlobalSection
EndGlobal
